
Microsoft Visual Studio Solution File, Format Version 12.00
Project("{FAE04EC0-301F-11D3-BF4B-00C04F79EFBC}") = "Kaldera", "Kaldera\Kaldera.csproj", "{40E8179F-6DAD-4114-BBD1-3AC1A7B678AB}"
EndProject
Project("{2150E333-8FDC-42A3-9474-1A3956D46DE8}") = "Examples", "Examples", "{FA3E1C28-C107-45FD-B61D-1FD34334C960}"
EndProject
Project("{FAE04EC0-301F-11D3-BF4B-00C04F79EFBC}") = "ExampleMinimal", "Examples\ExampleMinimal\ExampleMinimal.csproj", "{9E9FF86B-6E10-48DD-A070-C55A9FE43C5E}"
EndProject
Project("{FAE04EC0-301F-11D3-BF4B-00C04F79EFBC}") = "ExampleBase", "Examples\ExampleBase\ExampleBase.csproj", "{DD0DA916-5B71-4C6A-BE00-A5B89ACC8104}"
EndProject
Project("{2150E333-8FDC-42A3-9474-1A3956D46DE8}") = "Intro", "Intro", "{9EC917E4-A75C-461E-A52E-7992F8E38937}"
EndProject
Project("{FAE04EC0-301F-11D3-BF4B-00C04F79EFBC}") = "Example000_HelloScreen", "Examples\Intro\Example000_HelloScreen\Example000_HelloScreen.csproj", "{4C0B953D-7B24-4197-A2E4-50681010754E}"
EndProject
Project("{FAE04EC0-301F-11D3-BF4B-00C04F79EFBC}") = "Example001_HelloTriangle", "Examples\Intro\Example001_HelloTriangle\Example001_HelloTriangle.csproj", "{B8A7DEF1-F3A7-4B15-8E1E-AF79BC2CB0D7}"
EndProject
Project("{FAE04EC0-301F-11D3-BF4B-00C04F79EFBC}") = "Example002_HelloBuffer", "Examples\Intro\Example002_HelloBuffer\Example002_HelloBuffer.csproj", "{A140F778-8D9B-4125-8897-E91DA6AC727A}"
EndProject
Project("{FAE04EC0-301F-11D3-BF4B-00C04F79EFBC}") = "Example003_HelloWireframe", "Examples\Intro\Example003_HelloWireframe\Example003_HelloWireframe.csproj", "{24837D41-9CD5-4B0E-937E-4E6B3EBE7ADA}"
EndProject
Project("{FAE04EC0-301F-11D3-BF4B-00C04F79EFBC}") = "Example004_HelloTexture", "Examples\Intro\Example004_HelloTexture\Example004_HelloTexture.csproj", "{83C6A708-5613-4A51-A213-810A76F60183}"
EndProject
Project("{FAE04EC0-301F-11D3-BF4B-00C04F79EFBC}") = "Example005_Hello3D", "Examples\Intro\Example005_Hello3D\Example005_Hello3D.csproj", "{5D7593F4-00FF-4DE7-9D93-64DB5C57A609}"
EndProject
Project("{FAE04EC0-301F-11D3-BF4B-00C04F79EFBC}") = "Example006_HelloDynamic", "Examples\Intro\Example006_HelloDynamic\Example006_HelloDynamic.csproj", "{0E2D89CA-6EB0-473B-AFB1-5FAA30081FD5}"
EndProject
Project("{FAE04EC0-301F-11D3-BF4B-00C04F79EFBC}") = "Example007_HelloCompute", "Examples\Intro\Example007_HelloCompute\Example007_HelloCompute.csproj", "{22ED12C6-66EE-480E-A1D6-750118650352}"
EndProject
Project("{FAE04EC0-301F-11D3-BF4B-00C04F79EFBC}") = "Example008_HelloDepth", "Examples\Intro\Example008_HelloDepth\Example008_HelloDepth.csproj", "{D93D829E-8810-4B8A-9D78-C48AF424A995}"
EndProject
Project("{FAE04EC0-301F-11D3-BF4B-00C04F79EFBC}") = "Example009_HelloMsaa", "Examples\Intro\Example009_HelloMsaa\Example009_HelloMsaa.csproj", "{A822DA0B-D228-4FC6-AC35-FD7F6571328F}"
EndProject
Project("{FAE04EC0-301F-11D3-BF4B-00C04F79EFBC}") = "Example010_HelloInterleaved", "Examples\Intro\Example010_HelloInterleaved\Example010_HelloInterleaved.csproj", "{9CE2E63F-A3C6-4198-AEB4-5FF746B1744F}"
EndProject
Project("{FAE04EC0-301F-11D3-BF4B-00C04F79EFBC}") = "Example011_HelloInstanced", "Examples\Intro\Example011_HelloInstanced\Example011_HelloInstanced.csproj", "{B62EBA8D-91D1-4A66-8AB3-F928C0F9981C}"
EndProject
Project("{FAE04EC0-301F-11D3-BF4B-00C04F79EFBC}") = "Kaldera.Abstractions", "Kaldera.Abstractions\Kaldera.Abstractions.csproj", "{4619FB96-F6D4-4BB5-AFEB-05D186704D73}"
EndProject
Project("{FAE04EC0-301F-11D3-BF4B-00C04F79EFBC}") = "Example012_HelloExtDynState", "Examples\Intro\Example012_HelloExtDynState\Example012_HelloExtDynState.csproj", "{53483070-A592-4512-82FE-3B0A957DD9DB}"
EndProject
Project("{2150E333-8FDC-42A3-9474-1A3956D46DE8}") = "Basic", "Basic", "{9E8701A0-4C3D-478D-88E8-DD7A85C14233}"
EndProject
Project("{FAE04EC0-301F-11D3-BF4B-00C04F79EFBC}") = "Example100_ModelLoading", "Examples\Basic\Example100_ModelLoading\Example100_ModelLoading.csproj", "{F04A66FD-7937-4DBE-AEF0-A5D99E5E8B27}"
EndProject
Project("{FAE04EC0-301F-11D3-BF4B-00C04F79EFBC}") = "Example101_Transparency", "Examples\Basic\Example101_Transparency\Example101_Transparency.csproj", "{6772A690-0915-484C-8574-855A3559DB4C}"
EndProject
Project("{FAE04EC0-301F-11D3-BF4B-00C04F79EFBC}") = "Example102_Multithreading", "Examples\Basic\Example102_Multithreading\Example102_Multithreading.csproj", "{8B671264-C46A-4154-95E2-C4E6F49A311F}"
EndProject
Global
	GlobalSection(SolutionConfigurationPlatforms) = preSolution
		Debug|Any CPU = Debug|Any CPU
		Release|Any CPU = Release|Any CPU
	EndGlobalSection
	GlobalSection(ProjectConfigurationPlatforms) = postSolution
		{40E8179F-6DAD-4114-BBD1-3AC1A7B678AB}.Debug|Any CPU.ActiveCfg = Debug|Any CPU
		{40E8179F-6DAD-4114-BBD1-3AC1A7B678AB}.Debug|Any CPU.Build.0 = Debug|Any CPU
		{40E8179F-6DAD-4114-BBD1-3AC1A7B678AB}.Release|Any CPU.ActiveCfg = Release|Any CPU
		{40E8179F-6DAD-4114-BBD1-3AC1A7B678AB}.Release|Any CPU.Build.0 = Release|Any CPU
		{9E9FF86B-6E10-48DD-A070-C55A9FE43C5E}.Debug|Any CPU.ActiveCfg = Debug|Any CPU
		{9E9FF86B-6E10-48DD-A070-C55A9FE43C5E}.Debug|Any CPU.Build.0 = Debug|Any CPU
		{9E9FF86B-6E10-48DD-A070-C55A9FE43C5E}.Release|Any CPU.ActiveCfg = Release|Any CPU
		{9E9FF86B-6E10-48DD-A070-C55A9FE43C5E}.Release|Any CPU.Build.0 = Release|Any CPU
		{DD0DA916-5B71-4C6A-BE00-A5B89ACC8104}.Debug|Any CPU.ActiveCfg = Debug|Any CPU
		{DD0DA916-5B71-4C6A-BE00-A5B89ACC8104}.Debug|Any CPU.Build.0 = Debug|Any CPU
		{DD0DA916-5B71-4C6A-BE00-A5B89ACC8104}.Release|Any CPU.ActiveCfg = Release|Any CPU
		{DD0DA916-5B71-4C6A-BE00-A5B89ACC8104}.Release|Any CPU.Build.0 = Release|Any CPU
		{4C0B953D-7B24-4197-A2E4-50681010754E}.Debug|Any CPU.ActiveCfg = Debug|Any CPU
		{4C0B953D-7B24-4197-A2E4-50681010754E}.Debug|Any CPU.Build.0 = Debug|Any CPU
		{4C0B953D-7B24-4197-A2E4-50681010754E}.Release|Any CPU.ActiveCfg = Release|Any CPU
		{4C0B953D-7B24-4197-A2E4-50681010754E}.Release|Any CPU.Build.0 = Release|Any CPU
		{B8A7DEF1-F3A7-4B15-8E1E-AF79BC2CB0D7}.Debug|Any CPU.ActiveCfg = Debug|Any CPU
		{B8A7DEF1-F3A7-4B15-8E1E-AF79BC2CB0D7}.Debug|Any CPU.Build.0 = Debug|Any CPU
		{B8A7DEF1-F3A7-4B15-8E1E-AF79BC2CB0D7}.Release|Any CPU.ActiveCfg = Release|Any CPU
		{B8A7DEF1-F3A7-4B15-8E1E-AF79BC2CB0D7}.Release|Any CPU.Build.0 = Release|Any CPU
		{A140F778-8D9B-4125-8897-E91DA6AC727A}.Debug|Any CPU.ActiveCfg = Debug|Any CPU
		{A140F778-8D9B-4125-8897-E91DA6AC727A}.Debug|Any CPU.Build.0 = Debug|Any CPU
		{A140F778-8D9B-4125-8897-E91DA6AC727A}.Release|Any CPU.ActiveCfg = Release|Any CPU
		{A140F778-8D9B-4125-8897-E91DA6AC727A}.Release|Any CPU.Build.0 = Release|Any CPU
		{24837D41-9CD5-4B0E-937E-4E6B3EBE7ADA}.Debug|Any CPU.ActiveCfg = Debug|Any CPU
		{24837D41-9CD5-4B0E-937E-4E6B3EBE7ADA}.Debug|Any CPU.Build.0 = Debug|Any CPU
		{24837D41-9CD5-4B0E-937E-4E6B3EBE7ADA}.Release|Any CPU.ActiveCfg = Release|Any CPU
		{24837D41-9CD5-4B0E-937E-4E6B3EBE7ADA}.Release|Any CPU.Build.0 = Release|Any CPU
		{83C6A708-5613-4A51-A213-810A76F60183}.Debug|Any CPU.ActiveCfg = Debug|Any CPU
		{83C6A708-5613-4A51-A213-810A76F60183}.Debug|Any CPU.Build.0 = Debug|Any CPU
		{83C6A708-5613-4A51-A213-810A76F60183}.Release|Any CPU.ActiveCfg = Release|Any CPU
		{83C6A708-5613-4A51-A213-810A76F60183}.Release|Any CPU.Build.0 = Release|Any CPU
		{5D7593F4-00FF-4DE7-9D93-64DB5C57A609}.Debug|Any CPU.ActiveCfg = Debug|Any CPU
		{5D7593F4-00FF-4DE7-9D93-64DB5C57A609}.Debug|Any CPU.Build.0 = Debug|Any CPU
		{5D7593F4-00FF-4DE7-9D93-64DB5C57A609}.Release|Any CPU.ActiveCfg = Release|Any CPU
		{5D7593F4-00FF-4DE7-9D93-64DB5C57A609}.Release|Any CPU.Build.0 = Release|Any CPU
		{0E2D89CA-6EB0-473B-AFB1-5FAA30081FD5}.Debug|Any CPU.ActiveCfg = Debug|Any CPU
		{0E2D89CA-6EB0-473B-AFB1-5FAA30081FD5}.Debug|Any CPU.Build.0 = Debug|Any CPU
		{0E2D89CA-6EB0-473B-AFB1-5FAA30081FD5}.Release|Any CPU.ActiveCfg = Release|Any CPU
		{0E2D89CA-6EB0-473B-AFB1-5FAA30081FD5}.Release|Any CPU.Build.0 = Release|Any CPU
		{22ED12C6-66EE-480E-A1D6-750118650352}.Debug|Any CPU.ActiveCfg = Debug|Any CPU
		{22ED12C6-66EE-480E-A1D6-750118650352}.Debug|Any CPU.Build.0 = Debug|Any CPU
		{22ED12C6-66EE-480E-A1D6-750118650352}.Release|Any CPU.ActiveCfg = Release|Any CPU
		{22ED12C6-66EE-480E-A1D6-750118650352}.Release|Any CPU.Build.0 = Release|Any CPU
		{D93D829E-8810-4B8A-9D78-C48AF424A995}.Debug|Any CPU.ActiveCfg = Debug|Any CPU
		{D93D829E-8810-4B8A-9D78-C48AF424A995}.Debug|Any CPU.Build.0 = Debug|Any CPU
		{D93D829E-8810-4B8A-9D78-C48AF424A995}.Release|Any CPU.ActiveCfg = Release|Any CPU
		{D93D829E-8810-4B8A-9D78-C48AF424A995}.Release|Any CPU.Build.0 = Release|Any CPU
		{A822DA0B-D228-4FC6-AC35-FD7F6571328F}.Debug|Any CPU.ActiveCfg = Debug|Any CPU
		{A822DA0B-D228-4FC6-AC35-FD7F6571328F}.Debug|Any CPU.Build.0 = Debug|Any CPU
		{A822DA0B-D228-4FC6-AC35-FD7F6571328F}.Release|Any CPU.ActiveCfg = Release|Any CPU
		{A822DA0B-D228-4FC6-AC35-FD7F6571328F}.Release|Any CPU.Build.0 = Release|Any CPU
		{9CE2E63F-A3C6-4198-AEB4-5FF746B1744F}.Debug|Any CPU.ActiveCfg = Debug|Any CPU
		{9CE2E63F-A3C6-4198-AEB4-5FF746B1744F}.Debug|Any CPU.Build.0 = Debug|Any CPU
		{9CE2E63F-A3C6-4198-AEB4-5FF746B1744F}.Release|Any CPU.ActiveCfg = Release|Any CPU
		{9CE2E63F-A3C6-4198-AEB4-5FF746B1744F}.Release|Any CPU.Build.0 = Release|Any CPU
		{B62EBA8D-91D1-4A66-8AB3-F928C0F9981C}.Debug|Any CPU.ActiveCfg = Debug|Any CPU
		{B62EBA8D-91D1-4A66-8AB3-F928C0F9981C}.Debug|Any CPU.Build.0 = Debug|Any CPU
		{B62EBA8D-91D1-4A66-8AB3-F928C0F9981C}.Release|Any CPU.ActiveCfg = Release|Any CPU
		{B62EBA8D-91D1-4A66-8AB3-F928C0F9981C}.Release|Any CPU.Build.0 = Release|Any CPU
		{4619FB96-F6D4-4BB5-AFEB-05D186704D73}.Debug|Any CPU.ActiveCfg = Debug|Any CPU
		{4619FB96-F6D4-4BB5-AFEB-05D186704D73}.Debug|Any CPU.Build.0 = Debug|Any CPU
		{4619FB96-F6D4-4BB5-AFEB-05D186704D73}.Release|Any CPU.ActiveCfg = Release|Any CPU
		{4619FB96-F6D4-4BB5-AFEB-05D186704D73}.Release|Any CPU.Build.0 = Release|Any CPU
		{53483070-A592-4512-82FE-3B0A957DD9DB}.Debug|Any CPU.ActiveCfg = Debug|Any CPU
		{53483070-A592-4512-82FE-3B0A957DD9DB}.Debug|Any CPU.Build.0 = Debug|Any CPU
		{53483070-A592-4512-82FE-3B0A957DD9DB}.Release|Any CPU.ActiveCfg = Release|Any CPU
		{53483070-A592-4512-82FE-3B0A957DD9DB}.Release|Any CPU.Build.0 = Release|Any CPU
		{F04A66FD-7937-4DBE-AEF0-A5D99E5E8B27}.Debug|Any CPU.ActiveCfg = Debug|Any CPU
		{F04A66FD-7937-4DBE-AEF0-A5D99E5E8B27}.Debug|Any CPU.Build.0 = Debug|Any CPU
		{F04A66FD-7937-4DBE-AEF0-A5D99E5E8B27}.Release|Any CPU.ActiveCfg = Release|Any CPU
		{F04A66FD-7937-4DBE-AEF0-A5D99E5E8B27}.Release|Any CPU.Build.0 = Release|Any CPU
		{6772A690-0915-484C-8574-855A3559DB4C}.Debug|Any CPU.ActiveCfg = Debug|Any CPU
		{6772A690-0915-484C-8574-855A3559DB4C}.Debug|Any CPU.Build.0 = Debug|Any CPU
		{6772A690-0915-484C-8574-855A3559DB4C}.Release|Any CPU.ActiveCfg = Release|Any CPU
		{6772A690-0915-484C-8574-855A3559DB4C}.Release|Any CPU.Build.0 = Release|Any CPU
		{8B671264-C46A-4154-95E2-C4E6F49A311F}.Debug|Any CPU.ActiveCfg = Debug|Any CPU
		{8B671264-C46A-4154-95E2-C4E6F49A311F}.Debug|Any CPU.Build.0 = Debug|Any CPU
		{8B671264-C46A-4154-95E2-C4E6F49A311F}.Release|Any CPU.ActiveCfg = Release|Any CPU
		{8B671264-C46A-4154-95E2-C4E6F49A311F}.Release|Any CPU.Build.0 = Release|Any CPU
	EndGlobalSection
	GlobalSection(NestedProjects) = preSolution
		{9E9FF86B-6E10-48DD-A070-C55A9FE43C5E} = {FA3E1C28-C107-45FD-B61D-1FD34334C960}
		{DD0DA916-5B71-4C6A-BE00-A5B89ACC8104} = {FA3E1C28-C107-45FD-B61D-1FD34334C960}
		{9EC917E4-A75C-461E-A52E-7992F8E38937} = {FA3E1C28-C107-45FD-B61D-1FD34334C960}
		{4C0B953D-7B24-4197-A2E4-50681010754E} = {9EC917E4-A75C-461E-A52E-7992F8E38937}
		{B8A7DEF1-F3A7-4B15-8E1E-AF79BC2CB0D7} = {9EC917E4-A75C-461E-A52E-7992F8E38937}
		{A140F778-8D9B-4125-8897-E91DA6AC727A} = {9EC917E4-A75C-461E-A52E-7992F8E38937}
		{24837D41-9CD5-4B0E-937E-4E6B3EBE7ADA} = {9EC917E4-A75C-461E-A52E-7992F8E38937}
		{83C6A708-5613-4A51-A213-810A76F60183} = {9EC917E4-A75C-461E-A52E-7992F8E38937}
		{5D7593F4-00FF-4DE7-9D93-64DB5C57A609} = {9EC917E4-A75C-461E-A52E-7992F8E38937}
		{0E2D89CA-6EB0-473B-AFB1-5FAA30081FD5} = {9EC917E4-A75C-461E-A52E-7992F8E38937}
		{22ED12C6-66EE-480E-A1D6-750118650352} = {9EC917E4-A75C-461E-A52E-7992F8E38937}
		{D93D829E-8810-4B8A-9D78-C48AF424A995} = {9EC917E4-A75C-461E-A52E-7992F8E38937}
		{A822DA0B-D228-4FC6-AC35-FD7F6571328F} = {9EC917E4-A75C-461E-A52E-7992F8E38937}
		{9CE2E63F-A3C6-4198-AEB4-5FF746B1744F} = {9EC917E4-A75C-461E-A52E-7992F8E38937}
		{B62EBA8D-91D1-4A66-8AB3-F928C0F9981C} = {9EC917E4-A75C-461E-A52E-7992F8E38937}
		{53483070-A592-4512-82FE-3B0A957DD9DB} = {9EC917E4-A75C-461E-A52E-7992F8E38937}
		{9E8701A0-4C3D-478D-88E8-DD7A85C14233} = {FA3E1C28-C107-45FD-B61D-1FD34334C960}
		{F04A66FD-7937-4DBE-AEF0-A5D99E5E8B27} = {9E8701A0-4C3D-478D-88E8-DD7A85C14233}
		{6772A690-0915-484C-8574-855A3559DB4C} = {9E8701A0-4C3D-478D-88E8-DD7A85C14233}
		{8B671264-C46A-4154-95E2-C4E6F49A311F} = {9E8701A0-4C3D-478D-88E8-DD7A85C14233}
	EndGlobalSection
EndGlobal
